# 此文件由 mise lock 自动生成，用于锁定各平台工具来源和校验和。

[[tools.node]]
version = "26.8.1"
backend = "core:node"

[tools.node."platforms.linux-arm64"]
checksum = "sha256:d5f973ce975e4bd03e6c2038260f7e9201615aa8e1ee293c72f8dcc2a6d9fddb"
url = "https://nodejs.org/dist/v26.8.1/node-v26.8.1-linux-arm64.tar.gz"

[tools.node."platforms.linux-x64"]
checksum = "sha256:b2b76660fa4ded4e0b2a41ee3c0c651cd52ea8170ead91ebac1e147ac3d55643"
url = "https://nodejs.org/dist/v26.8.1/node-v26.8.1-linux-x64.tar.gz"

[tools.node."platforms.macos-arm64"]
checksum = "sha256:6e577fd0d9db776db82306629e441a9dace416702622aebdd171c9dfaa41f4d2"
url = "https://nodejs.org/dist/v26.8.1/node-v26.8.1-darwin-arm64.tar.gz"

[tools.node."platforms.macos-x64"]
checksum = "sha256:fe9c6dbf9c8e1b4443803d75e2a20366e420dae650c747dbb116b22975751baf"
url = "https://nodejs.org/dist/v26.8.1/node-v26.8.1-darwin-x64.tar.gz"

[tools.node."platforms.windows-x64"]
checksum = "sha256:57693d8e93d1b04e7b7de46aca53ecd63e97564e73de36a68428d7ff08d83587"
url = "https://nodejs.org/dist/v26.8.1/node-v26.8.1-win-x64.zip"

[[tools.python]]
version = "3.11.16"
backend = "core:python"

[tools.python."platforms.linux-arm64"]
checksum = "sha256:6a250f5c9326eebaa528d5d132cd66ebd1d7540cf45ac703f19e13f41d1be9b6"
url = "https://github.com/astral-sh/python-build-standalone/releases/download/20260814/cpython-3.11.16+20260814-aarch64-unknown-linux-gnu-install_only_stripped.tar.gz"
provenance = "github-attestations"

[tools.python."platforms.linux-x64"]
checksum = "sha256:3b437f08720d3ddd9c1904532476ec9fb373e800d1598c72c907dd6d5f29b79b"
url = "https://github.com/astral-sh/python-build-standalone/releases/download/20260814/cpython-3.11.16+20260814-x86_64-unknown-linux-gnu-install_only_stripped.tar.gz"
provenance = "github-attestations"

[tools.python."platforms.macos-arm64"]
checksum = "sha256:a394f2bf78a48990fc88e7c5586c7e1be5e69f0c9bd027883211b68b768e11c5"
url = "https://github.com/astral-sh/python-build-standalone/releases/download/20260814/cpython-3.11.16+20260814-aarch64-apple-darwin-install_only_stripped.tar.gz"
provenance = "github-attestations"

[tools.python."platforms.macos-x64"]
checksum = "sha256:4d60589b702aff21379ddf6bd648e75c7023a257a078fdd71df4c148cf609cc2"
url = "https://github.com/astral-sh/python-build-standalone/releases/download/20260814/cpython-3.11.16+20260814-x86_64-apple-darwin-install_only_stripped.tar.gz"
provenance = "github-attestations"

[tools.python."platforms.windows-x64"]
checksum = "sha256:c6de1a7781580d13f68dece33ac10b7a608c7ac21fc08cf0f4e0678a7d134905"
url = "https://github.com/astral-sh/python-build-standalone/releases/download/20260814/cpython-3.11.16+20260814-x86_64-pc-windows-msvc-install_only_stripped.tar.gz"
provenance = "github-attestations"

[[tools.python]]
version = "3.11.16"
backend = "core:python"

[tools.python.options]
patch_sysconfig = "false"

[tools.python."platforms.linux-arm64"]
checksum = "sha256:6a250f5c9326eebaa528d5d132cd66ebd1d7540cf45ac703f19e13f41d1be9b6"
url = "https://github.com/astral-sh/python-build-standalone/releases/download/20260814/cpython-3.11.16+20260814-aarch64-unknown-linux-gnu-install_only_stripped.tar.gz"
provenance = "github-attestations"

[tools.python."platforms.linux-x64"]
checksum = "sha256:3b437f08720d3ddd9c1904532476ec9fb373e800d1598c72c907dd6d5f29b79b"
url = "https://github.com/astral-sh/python-build-standalone/releases/download/20260814/cpython-3.11.16+20260814-x86_64-unknown-linux-gnu-install_only_stripped.tar.gz"
provenance = "github-attestations"

[tools.python."platforms.macos-arm64"]
checksum = "sha256:a394f2bf78a48990fc88e7c5586c7e1be5e69f0c9bd027883211b68b768e11c5"
url = "https://github.com/astral-sh/python-build-standalone/releases/download/20260814/cpython-3.11.16+20260814-aarch64-apple-darwin-install_only_stripped.tar.gz"
provenance = "github-attestations"

[tools.python."platforms.macos-x64"]
checksum = "sha256:4d60589b702aff21379ddf6bd648e75c7023a257a078fdd71df4c148cf609cc2"
url = "https://github.com/astral-sh/python-build-standalone/releases/download/20260814/cpython-3.11.16+20260814-x86_64-apple-darwin-install_only_stripped.tar.gz"
provenance = "github-attestations"

[tools.python."platforms.windows-x64"]
checksum = "sha256:c6de1a7781580d13f68dece33ac10b7a608c7ac21fc08cf0f4e0678a7d134905"
url = "https://github.com/astral-sh/python-build-standalone/releases/download/20260814/cpython-3.11.16+20260814-x86_64-pc-windows-msvc-install_only_stripped.tar.gz"
provenance = "github-attestations"
